// !$*UTF8*$!
{
	archiveVersion = 1;
	classes = {
	};
	objectVersion = 56;
	objects = {

/* Begin PBXBuildFile section */
		171148D52C5E1E4E00D29924 /* ImageCache.swift in Sources */ = {isa = PBXBuildFile; fileRef = 171148D42C5E1E4E00D29924 /* ImageCache.swift */; };
		179579D62C5F5C900042B905 /* PokemonAppTests.swift in Sources */ = {isa = PBXBuildFile; fileRef = 179579D52C5F5C900042B905 /* PokemonAppTests.swift */; };
		17A1C2792C5D24790067AF34 /* PokemonCell.swift in Sources */ = {isa = PBXBuildFile; fileRef = 17A1C2772C5D24790067AF34 /* PokemonCell.swift */; };
		17A1C27A2C5D24790067AF34 /* PokemonCell.xib in Resources */ = {isa = PBXBuildFile; fileRef = 17A1C2782C5D24790067AF34 /* PokemonCell.xib */; };
		17A1C27D2C5D343E0067AF34 /* UIImageView+Extension.swift in Sources */ = {isa = PBXBuildFile; fileRef = 17A1C27C2C5D343E0067AF34 /* UIImageView+Extension.swift */; };
		17E090CC2C5CBFC100FF2572 /* PokemonEngine.swift in Sources */ = {isa = PBXBuildFile; fileRef = 17E090CB2C5CBFC100FF2572 /* PokemonEngine.swift */; };
		17EE7F862C5C00E10059F65D /* AppDelegate.swift in Sources */ = {isa = PBXBuildFile; fileRef = 17EE7F852C5C00E10059F65D /* AppDelegate.swift */; };
		17EE7F882C5C00E10059F65D /* SceneDelegate.swift in Sources */ = {isa = PBXBuildFile; fileRef = 17EE7F872C5C00E10059F65D /* SceneDelegate.swift */; };
		17EE7F8A2C5C00E10059F65D /* ViewController.swift in Sources */ = {isa = PBXBuildFile; fileRef = 17EE7F892C5C00E10059F65D /* ViewController.swift */; };
		17EE7F8D2C5C00E10059F65D /* Base in Resources */ = {isa = PBXBuildFile; fileRef = 17EE7F8C2C5C00E10059F65D /* Base */; };
		17EE7F8F2C5C00E30059F65D /* Assets.xcassets in Resources */ = {isa = PBXBuildFile; fileRef = 17EE7F8E2C5C00E30059F65D /* Assets.xcassets */; };
		17EE7F922C5C00E30059F65D /* Base in Resources */ = {isa = PBXBuildFile; fileRef = 17EE7F912C5C00E30059F65D /* Base */; };
		17EE7F9C2C5C02610059F65D /* Model.swift in Sources */ = {isa = PBXBuildFile; fileRef = 17EE7F9B2C5C02610059F65D /* Model.swift */; };
/* End PBXBuildFile section */

/* Begin PBXContainerItemProxy section */
		179579D72C5F5C900042B905 /* PBXContainerItemProxy */ = {
			isa = PBXContainerItemProxy;
			containerPortal = 17EE7F7A2C5C00E10059F65D /* Project object */;
			proxyType = 1;
			remoteGlobalIDString = 17EE7F812C5C00E10059F65D;
			remoteInfo = PokemonApp;
		};
/* End PBXContainerItemProxy section */

/* Begin PBXFileReference section */
		171148D42C5E1E4E00D29924 /* ImageCache.swift */ = {isa = PBXFileReference; lastKnownFileType = sourcecode.swift; path = ImageCache.swift; sourceTree = "<group>"; };
		179579D32C5F5C900042B905 /* PokemonAppTests.xctest */ = {isa = PBXFileReference; explicitFileType = wrapper.cfbundle; includeInIndex = 0; path = PokemonAppTests.xctest; sourceTree = BUILT_PRODUCTS_DIR; };
		179579D52C5F5C900042B905 /* PokemonAppTests.swift */ = {isa = PBXFileReference; lastKnownFileType = sourcecode.swift; path = PokemonAppTests.swift; sourceTree = "<group>"; };
		17A1C2772C5D24790067AF34 /* PokemonCell.swift */ = {isa = PBXFileReference; lastKnownFileType = sourcecode.swift; path = PokemonCell.swift; sourceTree = "<group>"; };
		17A1C2782C5D24790067AF34 /* PokemonCell.xib */ = {isa = PBXFileReference; lastKnownFileType = file.xib; path = PokemonCell.xib; sourceTree = "<group>"; };
		17A1C27C2C5D343E0067AF34 /* UIImageView+Extension.swift */ = {isa = PBXFileReference; lastKnownFileType = sourcecode.swift; path = "UIImageView+Extension.swift"; sourceTree = "<group>"; };
		17E090CB2C5CBFC100FF2572 /* PokemonEngine.swift */ = {isa = PBXFileReference; lastKnownFileType = sourcecode.swift; path = PokemonEngine.swift; sourceTree = "<group>"; };
		17EE7F822C5C00E10059F65D /* PokemonApp.app */ = {isa = PBXFileReference; explicitFileType = wrapper.application; includeInIndex = 0; path = PokemonApp.app; sourceTree = BUILT_PRODUCTS_DIR; };
		17EE7F852C5C00E10059F65D /* AppDelegate.swift */ = {isa = PBXFileReference; lastKnownFileType = sourcecode.swift; path = AppDelegate.swift; sourceTree = "<group>"; };
		17EE7F872C5C00E10059F65D /* SceneDelegate.swift */ = {isa = PBXFileReference; lastKnownFileType = sourcecode.swift; path = SceneDelegate.swift; sourceTree = "<group>"; };
		17EE7F892C5C00E10059F65D /* ViewController.swift */ = {isa = PBXFileReference; lastKnownFileType = sourcecode.swift; path = ViewController.swift; sourceTree = "<group>"; };
		17EE7F8C2C5C00E10059F65D /* Base */ = {isa = PBXFileReference; lastKnownFileType = file.storyboard; name = Base; path = Base.lproj/Main.storyboard; sourceTree = "<group>"; };
		17EE7F8E2C5C00E30059F65D /* Assets.xcassets */ = {isa = PBXFileReference; lastKnownFileType = folder.assetcatalog; path = Assets.xcassets; sourceTree = "<group>"; };
		17EE7F912C5C00E30059F65D /* Base */ = {isa = PBXFileReference; lastKnownFileType = file.storyboard; name = Base; path = Base.lproj/LaunchScreen.storyboard; sourceTree = "<group>"; };
		17EE7F932C5C00E30059F65D /* Info.plist */ = {isa = PBXFileReference; lastKnownFileType = text.plist.xml; path = Info.plist; sourceTree = "<group>"; };
		17EE7F9B2C5C02610059F65D /* Model.swift */ = {isa = PBXFileReference; lastKnownFileType = sourcecode.swift; path = Model.swift; sourceTree = "<group>"; };
/* End PBXFileReference section */

/* Begin PBXFrameworksBuildPhase section */
		179579D02C5F5C900042B905 /* Frameworks */ = {
			isa = PBXFrameworksBuildPhase;
			buildActionMask = 2147483647;
			files = (
			);
			runOnlyForDeploymentPostprocessing = 0;
		};
		17EE7F7F2C5C00E10059F65D /* Frameworks */ = {
			isa = PBXFrameworksBuildPhase;
			buildActionMask = 2147483647;
			files = (
			);
			runOnlyForDeploymentPostprocessing = 0;
		};
/* End PBXFrameworksBuildPhase section */

/* Begin PBXGroup section */
		179579D42C5F5C900042B905 /* PokemonAppTests */ = {
			isa = PBXGroup;
			children = (
				179579D52C5F5C900042B905 /* PokemonAppTests.swift */,
			);
			path = PokemonAppTests;
			sourceTree = "<group>";
		};
		17A1C2722C5D14790067AF34 /* Cells */ = {
			isa = PBXGroup;
			children = (
				17A1C2772C5D24790067AF34 /* PokemonCell.swift */,
				17A1C2782C5D24790067AF34 /* PokemonCell.xib */,
			);
			path = Cells;
			sourceTree = "<group>";
		};
		17A1C27B2C5D34310067AF34 /* Extensions */ = {
			isa = PBXGroup;
			children = (
				17A1C27C2C5D343E0067AF34 /* UIImageView+Extension.swift */,
			);
			path = Extensions;
			sourceTree = "<group>";
		};
		17E090CA2C5CBFAD00FF2572 /* Engines */ = {
			isa = PBXGroup;
			children = (
				171148D42C5E1E4E00D29924 /* ImageCache.swift */,
				17E090CB2C5CBFC100FF2572 /* PokemonEngine.swift */,
			);
			path = Engines;
			sourceTree = "<group>";
		};
		17EE7F792C5C00E10059F65D = {
			isa = PBXGroup;
			children = (
				17EE7F842C5C00E10059F65D /* PokemonApp */,
				179579D42C5F5C900042B905 /* PokemonAppTests */,
				17EE7F832C5C00E10059F65D /* Products */,
			);
			sourceTree = "<group>";
		};
		17EE7F832C5C00E10059F65D /* Products */ = {
			isa = PBXGroup;
			children = (
				17EE7F822C5C00E10059F65D /* PokemonApp.app */,
				179579D32C5F5C900042B905 /* PokemonAppTests.xctest */,
			);
			name = Products;
			sourceTree = "<group>";
		};
		17EE7F842C5C00E10059F65D /* PokemonApp */ = {
			isa = PBXGroup;
			children = (
				17A1C2722C5D14790067AF34 /* Cells */,
				17E090CA2C5CBFAD00FF2572 /* Engines */,
				17A1C27B2C5D34310067AF34 /* Extensions */,
				17EE7F932C5C00E30059F65D /* Info.plist */,
				17EE7F8B2C5C00E10059F65D /* Main.storyboard */,
				17EE7F992C5C01BB0059F65D /* Models */,
				17EE7F9A2C5C01C40059F65D /* Resources */,
				17EE7F892C5C00E10059F65D /* ViewController.swift */,
			);
			path = PokemonApp;
			sourceTree = "<group>";
		};
		17EE7F992C5C01BB0059F65D /* Models */ = {
			isa = PBXGroup;
			children = (
				17EE7F9B2C5C02610059F65D /* Model.swift */,
			);
			path = Models;
			sourceTree = "<group>";
		};
		17EE7F9A2C5C01C40059F65D /* Resources */ = {
			isa = PBXGroup;
			children = (
				17EE7F852C5C00E10059F65D /* AppDelegate.swift */,
				17EE7F8E2C5C00E30059F65D /* Assets.xcassets */,
				17EE7F902C5C00E30059F65D /* LaunchScreen.storyboard */,
				17EE7F872C5C00E10059F65D /* SceneDelegate.swift */,
			);
			path = Resources;
			sourceTree = "<group>";
		};
/* End PBXGroup section */

/* Begin PBXNativeTarget section */
		179579D22C5F5C900042B905 /* PokemonAppTests */ = {
			isa = PBXNativeTarget;
			buildConfigurationList = 179579D92C5F5C900042B905 /* Build configuration list for PBXNativeTarget "PokemonAppTests" */;
			buildPhases = (
				179579CF2C5F5C900042B905 /* Sources */,
				179579D02C5F5C900042B905 /* Frameworks */,
				179579D12C5F5C900042B905 /* Resources */,
			);
			buildRules = (
			);
			dependencies = (
				179579D82C5F5C900042B905 /* PBXTargetDependency */,
			);
			name = PokemonAppTests;
			productName = PokemonAppTests;
			productReference = 179579D32C5F5C900042B905 /* PokemonAppTests.xctest */;
			productType = "com.apple.product-type.bundle.unit-test";
		};
		17EE7F812C5C00E10059F65D /* PokemonApp */ = {
			isa = PBXNativeTarget;
			buildConfigurationList = 17EE7F962C5C00E30059F65D /* Build configuration list for PBXNativeTarget "PokemonApp" */;
			buildPhases = (
				17EE7F7E2C5C00E10059F65D /* Sources */,
				17EE7F7F2C5C00E10059F65D /* Frameworks */,
				17EE7F802C5C00E10059F65D /* Resources */,
			);
			buildRules = (
			);
			dependencies = (
			);
			name = PokemonApp;
			productName = PokemonApp;
			productReference = 17EE7F822C5C00E10059F65D /* PokemonApp.app */;
			productType = "com.apple.product-type.application";
		};
/* End PBXNativeTarget section */

/* Begin PBXProject section */
		17EE7F7A2C5C00E10059F65D /* Project object */ = {
			isa = PBXProject;
			attributes = {
				BuildIndependentTargetsInParallel = 1;
				LastSwiftUpdateCheck = 1540;
				LastUpgradeCheck = 1540;
				TargetAttributes = {
					179579D22C5F5C900042B905 = {
						CreatedOnToolsVersion = 15.4;
						TestTargetID = 17EE7F812C5C00E10059F65D;
					};
					17EE7F812C5C00E10059F65D = {
						CreatedOnToolsVersion = 15.4;
					};
				};
			};
			buildConfigurationList = 17EE7F7D2C5C00E10059F65D /* Build configuration list for PBXProject "PokemonApp" */;
			compatibilityVersion = "Xcode 14.0";
			developmentRegion = en;
			hasScannedForEncodings = 0;
			knownRegions = (
				en,
				Base,
			);
			mainGroup = 17EE7F792C5C00E10059F65D;
			productRefGroup = 17EE7F832C5C00E10059F65D /* Products */;
			projectDirPath = "";
			projectRoot = "";
			targets = (
				17EE7F812C5C00E10059F65D /* PokemonApp */,
				179579D22C5F5C900042B905 /* PokemonAppTests */,
			);
		};
/* End PBXProject section */

/* Begin PBXResourcesBuildPhase section */
		179579D12C5F5C900042B905 /* Resources */ = {
			isa = PBXResourcesBuildPhase;
			buildActionMask = 2147483647;
			files = (
			);
			runOnlyForDeploymentPostprocessing = 0;
		};
		17EE7F802C5C00E10059F65D /* Resources */ = {
			isa = PBXResourcesBuildPhase;
			buildActionMask = 2147483647;
			files = (
				17A1C27A2C5D24790067AF34 /* PokemonCell.xib in Resources */,
				17EE7F8F2C5C00E30059F65D /* Assets.xcassets in Resources */,
				17EE7F922C5C00E30059F65D /* Base in Resources */,
				17EE7F8D2C5C00E10059F65D /* Base in Resources */,
			);
			runOnlyForDeploymentPostprocessing = 0;
		};
/* End PBXResourcesBuildPhase section */

/* Begin PBXSourcesBuildPhase section */
		179579CF2C5F5C900042B905 /* Sources */ = {
			isa = PBXSourcesBuildPhase;
			buildActionMask = 2147483647;
			files = (
				179579D62C5F5C900042B905 /* PokemonAppTests.swift in Sources */,
			);
			runOnlyForDeploymentPostprocessing = 0;
		};
		17EE7F7E2C5C00E10059F65D /* Sources */ = {
			isa = PBXSourcesBuildPhase;
			buildActionMask = 2147483647;
			files = (
				17EE7F8A2C5C00E10059F65D /* ViewController.swift in Sources */,
				17A1C27D2C5D343E0067AF34 /* UIImageView+Extension.swift in Sources */,
				171148D52C5E1E4E00D29924 /* ImageCache.swift in Sources */,
				17E090CC2C5CBFC100FF2572 /* PokemonEngine.swift in Sources */,
				17EE7F862C5C00E10059F65D /* AppDelegate.swift in Sources */,
				17EE7F882C5C00E10059F65D /* SceneDelegate.swift in Sources */,
				17A1C2792C5D24790067AF34 /* PokemonCell.swift in Sources */,
				17EE7F9C2C5C02610059F65D /* Model.swift in Sources */,
			);
			runOnlyForDeploymentPostprocessing = 0;
		};
/* End PBXSourcesBuildPhase section */

/* Begin PBXTargetDependency section */
		179579D82C5F5C900042B905 /* PBXTargetDependency */ = {
			isa = PBXTargetDependency;
			target = 17EE7F812C5C00E10059F65D /* PokemonApp */;
			targetProxy = 179579D72C5F5C900042B905 /* PBXContainerItemProxy */;
		};
/* End PBXTargetDependency section */

/* Begin PBXVariantGroup section */
		17EE7F8B2C5C00E10059F65D /* Main.storyboard */ = {
			isa = PBXVariantGroup;
			children = (
				17EE7F8C2C5C00E10059F65D /* Base */,
			);
			name = Main.storyboard;
			sourceTree = "<group>";
		};
		17EE7F902C5C00E30059F65D /* LaunchScreen.storyboard */ = {
			isa = PBXVariantGroup;
			children = (
				17EE7F912C5C00E30059F65D /* Base */,
			);
			name = LaunchScreen.storyboard;
			sourceTree = "<group>";
		};
/* End PBXVariantGroup section */

/* Begin XCBuildConfiguration section */
		179579DA2C5F5C900042B905 /* Debug */ = {
			isa = XCBuildConfiguration;
			buildSettings = {
				BUNDLE_LOADER = "$(TEST_HOST)";
				CODE_SIGN_STYLE = Automatic;
				CURRENT_PROJECT_VERSION = 1;
				DEVELOPMENT_TEAM = 8WUVY3SGHN;
				GENERATE_INFOPLIST_FILE = YES;
				MARKETING_VERSION = 1.0;
				PRODUCT_BUNDLE_IDENTIFIER = it.amancino.PokemonAppTests;
				PRODUCT_NAME = "$(TARGET_NAME)";
				SWIFT_EMIT_LOC_STRINGS = NO;
				SWIFT_VERSION = 5.0;
				TARGETED_DEVICE_FAMILY = "1,2";
				TEST_HOST = "$(BUILT_PRODUCTS_DIR)/PokemonApp.app/$(BUNDLE_EXECUTABLE_FOLDER_PATH)/PokemonApp";
			};
			name = Debug;
		};
		179579DB2C5F5C900042B905 /* Release */ = {
			isa = XCBuildConfiguration;
			buildSettings = {
				BUNDLE_LOADER = "$(TEST_HOST)";
				CODE_SIGN_STYLE = Automatic;
				CURRENT_PROJECT_VERSION = 1;
				DEVELOPMENT_TEAM = 8WUVY3SGHN;
				GENERATE_INFOPLIST_FILE = YES;
				MARKETING_VERSION = 1.0;
				PRODUCT_BUNDLE_IDENTIFIER = it.amancino.PokemonAppTests;
				PRODUCT_NAME = "$(TARGET_NAME)";
				SWIFT_EMIT_LOC_STRINGS = NO;
				SWIFT_VERSION = 5.0;
				TARGETED_DEVICE_FAMILY = "1,2";
				TEST_HOST = "$(BUILT_PRODUCTS_DIR)/PokemonApp.app/$(BUNDLE_EXECUTABLE_FOLDER_PATH)/PokemonApp";
			};
			name = Release;
		};
		17EE7F942C5C00E30059F65D /* Debug */ = {
			isa = XCBuildConfiguration;
			buildSettings = {
				ALWAYS_SEARCH_USER_PATHS = NO;
				ASSETCATALOG_COMPILER_GENERATE_SWIFT_ASSET_SYMBOL_EXTENSIONS = YES;
				CLANG_ANALYZER_NONNULL = YES;
				CLANG_ANALYZER_NUMBER_OBJECT_CONVERSION = YES_AGGRESSIVE;
				CLANG_CXX_LANGUAGE_STANDARD = "gnu++20";
				CLANG_ENABLE_MODULES = YES;
				CLANG_ENABLE_OBJC_ARC = YES;
				CLANG_ENABLE_OBJC_WEAK = YES;
				CLANG_WARN_BLOCK_CAPTURE_AUTORELEASING = YES;
				CLANG_WARN_BOOL_CONVERSION = YES;
				CLANG_WARN_COMMA = YES;
				CLANG_WARN_CONSTANT_CONVERSION = YES;
				CLANG_WARN_DEPRECATED_OBJC_IMPLEMENTATIONS = YES;
				CLANG_WARN_DIRECT_OBJC_ISA_USAGE = YES_ERROR;
				CLANG_WARN_DOCUMENTATION_COMMENTS = YES;
				CLANG_WARN_EMPTY_BODY = YES;
				CLANG_WARN_ENUM_CONVERSION = YES;
				CLANG_WARN_INFINITE_RECURSION = YES;
				CLANG_WARN_INT_CONVERSION = YES;
				CLANG_WARN_NON_LITERAL_NULL_CONVERSION = YES;
				CLANG_WARN_OBJC_IMPLICIT_RETAIN_SELF = YES;
				CLANG_WARN_OBJC_LITERAL_CONVERSION = YES;
				CLANG_WARN_OBJC_ROOT_CLASS = YES_ERROR;
				CLANG_WARN_QUOTED_INCLUDE_IN_FRAMEWORK_HEADER = YES;
				CLANG_WARN_RANGE_LOOP_ANALYSIS = YES;
				CLANG_WARN_STRICT_PROTOTYPES = YES;
				CLANG_WARN_SUSPICIOUS_MOVE = YES;
				CLANG_WARN_UNGUARDED_AVAILABILITY = YES_AGGRESSIVE;
				CLANG_WARN_UNREACHABLE_CODE = YES;
				CLANG_WARN__DUPLICATE_METHOD_MATCH = YES;
				COPY_PHASE_STRIP = NO;
				DEBUG_INFORMATION_FORMAT = dwarf;
				ENABLE_STRICT_OBJC_MSGSEND = YES;
				ENABLE_TESTABILITY = YES;
				ENABLE_USER_SCRIPT_SANDBOXING = YES;
				GCC_C_LANGUAGE_STANDARD = gnu17;
				GCC_DYNAMIC_NO_PIC = NO;
				GCC_NO_COMMON_BLOCKS = YES;
				GCC_OPTIMIZATION_LEVEL = 0;
				GCC_PREPROCESSOR_DEFINITIONS = (
					"DEBUG=1",
					"$(inherited)",
				);
				GCC_WARN_64_TO_32_BIT_CONVERSION = YES;
				GCC_WARN_ABOUT_RETURN_TYPE = YES_ERROR;
				GCC_WARN_UNDECLARED_SELECTOR = YES;
				GCC_WARN_UNINITIALIZED_AUTOS = YES_AGGRESSIVE;
				GCC_WARN_UNUSED_FUNCTION = YES;
				GCC_WARN_UNUSED_VARIABLE = YES;
				IPHONEOS_DEPLOYMENT_TARGET = 17.5;
				LOCALIZATION_PREFERS_STRING_CATALOGS = YES;
				MTL_ENABLE_DEBUG_INFO = INCLUDE_SOURCE;
				MTL_FAST_MATH = YES;
				ONLY_ACTIVE_ARCH = YES;
				SDKROOT = iphoneos;
				SWIFT_ACTIVE_COMPILATION_CONDITIONS = "DEBUG $(inherited)";
				SWIFT_OPTIMIZATION_LEVEL = "-Onone";
			};
			name = Debug;
		};
		17EE7F952C5C00E30059F65D /* Release */ = {
			isa = XCBuildConfiguration;
			buildSettings = {
				ALWAYS_SEARCH_USER_PATHS = NO;
				ASSETCATALOG_COMPILER_GENERATE_SWIFT_ASSET_SYMBOL_EXTENSIONS = YES;
				CLANG_ANALYZER_NONNULL = YES;
				CLANG_ANALYZER_NUMBER_OBJECT_CONVERSION = YES_AGGRESSIVE;
				CLANG_CXX_LANGUAGE_STANDARD = "gnu++20";
				CLANG_ENABLE_MODULES = YES;
				CLANG_ENABLE_OBJC_ARC = YES;
				CLANG_ENABLE_OBJC_WEAK = YES;
				CLANG_WARN_BLOCK_CAPTURE_AUTORELEASING = YES;
				CLANG_WARN_BOOL_CONVERSION = YES;
				CLANG_WARN_COMMA = YES;
				CLANG_WARN_CONSTANT_CONVERSION = YES;
				CLANG_WARN_DEPRECATED_OBJC_IMPLEMENTATIONS = YES;
				CLANG_WARN_DIRECT_OBJC_ISA_USAGE = YES_ERROR;
				CLANG_WARN_DOCUMENTATION_COMMENTS = YES;
				CLANG_WARN_EMPTY_BODY = YES;
				CLANG_WARN_ENUM_CONVERSION = YES;
				CLANG_WARN_INFINITE_RECURSION = YES;
				CLANG_WARN_INT_CONVERSION = YES;
				CLANG_WARN_NON_LITERAL_NULL_CONVERSION = YES;
				CLANG_WARN_OBJC_IMPLICIT_RETAIN_SELF = YES;
				CLANG_WARN_OBJC_LITERAL_CONVERSION = YES;
				CLANG_WARN_OBJC_ROOT_CLASS = YES_ERROR;
				CLANG_WARN_QUOTED_INCLUDE_IN_FRAMEWORK_HEADER = YES;
				CLANG_WARN_RANGE_LOOP_ANALYSIS = YES;
				CLANG_WARN_STRICT_PROTOTYPES = YES;
				CLANG_WARN_SUSPICIOUS_MOVE = YES;
				CLANG_WARN_UNGUARDED_AVAILABILITY = YES_AGGRESSIVE;
				CLANG_WARN_UNREACHABLE_CODE = YES;
				CLANG_WARN__DUPLICATE_METHOD_MATCH = YES;
				COPY_PHASE_STRIP = NO;
				DEBUG_INFORMATION_FORMAT = "dwarf-with-dsym";
				ENABLE_NS_ASSERTIONS = NO;
				ENABLE_STRICT_OBJC_MSGSEND = YES;
				ENABLE_USER_SCRIPT_SANDBOXING = YES;
				GCC_C_LANGUAGE_STANDARD = gnu17;
				GCC_NO_COMMON_BLOCKS = YES;
				GCC_WARN_64_TO_32_BIT_CONVERSION = YES;
				GCC_WARN_ABOUT_RETURN_TYPE = YES_ERROR;
				GCC_WARN_UNDECLARED_SELECTOR = YES;
				GCC_WARN_UNINITIALIZED_AUTOS = YES_AGGRESSIVE;
				GCC_WARN_UNUSED_FUNCTION = YES;
				GCC_WARN_UNUSED_VARIABLE = YES;
				IPHONEOS_DEPLOYMENT_TARGET = 17.5;
				LOCALIZATION_PREFERS_STRING_CATALOGS = YES;
				MTL_ENABLE_DEBUG_INFO = NO;
				MTL_FAST_MATH = YES;
				SDKROOT = iphoneos;
				SWIFT_COMPILATION_MODE = wholemodule;
				VALIDATE_PRODUCT = YES;
			};
			name = Release;
		};
		17EE7F972C5C00E30059F65D /* Debug */ = {
			isa = XCBuildConfiguration;
			buildSettings = {
				ASSETCATALOG_COMPILER_APPICON_NAME = AppIcon;
				ASSETCATALOG_COMPILER_GLOBAL_ACCENT_COLOR_NAME = AccentColor;
				CODE_SIGN_STYLE = Automatic;
				CURRENT_PROJECT_VERSION = 1;
				DEVELOPMENT_TEAM = 8WUVY3SGHN;
				GENERATE_INFOPLIST_FILE = YES;
				INFOPLIST_FILE = PokemonApp/Info.plist;
				INFOPLIST_KEY_UIApplicationSupportsIndirectInputEvents = YES;
				INFOPLIST_KEY_UILaunchStoryboardName = LaunchScreen;
				INFOPLIST_KEY_UIMainStoryboardFile = Main;
				INFOPLIST_KEY_UISupportedInterfaceOrientations = UIInterfaceOrientationPortrait;
				LD_RUNPATH_SEARCH_PATHS = (
					"$(inherited)",
					"@executable_path/Frameworks",
				);
				MARKETING_VERSION = 1.0;
				PRODUCT_BUNDLE_IDENTIFIER = it.amancino.PokemonApp;
				PRODUCT_NAME = "$(TARGET_NAME)";
				SWIFT_EMIT_LOC_STRINGS = YES;
				SWIFT_VERSION = 5.0;
				TARGETED_DEVICE_FAMILY = "1,2";
			};
			name = Debug;
		};
		17EE7F982C5C00E30059F65D /* Release */ = {
			isa = XCBuildConfiguration;
			buildSettings = {
				ASSETCATALOG_COMPILER_APPICON_NAME = AppIcon;
				ASSETCATALOG_COMPILER_GLOBAL_ACCENT_COLOR_NAME = AccentColor;
				CODE_SIGN_STYLE = Automatic;
				CURRENT_PROJECT_VERSION = 1;
				DEVELOPMENT_TEAM = 8WUVY3SGHN;
				GENERATE_INFOPLIST_FILE = YES;
				INFOPLIST_FILE = PokemonApp/Info.plist;
				INFOPLIST_KEY_UIApplicationSupportsIndirectInputEvents = YES;
				INFOPLIST_KEY_UILaunchStoryboardName = LaunchScreen;
				INFOPLIST_KEY_UIMainStoryboardFile = Main;
				INFOPLIST_KEY_UISupportedInterfaceOrientations = UIInterfaceOrientationPortrait;
				LD_RUNPATH_SEARCH_PATHS = (
					"$(inherited)",
					"@executable_path/Frameworks",
				);
				MARKETING_VERSION = 1.0;
				PRODUCT_BUNDLE_IDENTIFIER = it.amancino.PokemonApp;
				PRODUCT_NAME = "$(TARGET_NAME)";
				SWIFT_EMIT_LOC_STRINGS = YES;
				SWIFT_VERSION = 5.0;
				TARGETED_DEVICE_FAMILY = "1,2";
			};
			name = Release;
		};
/* End XCBuildConfiguration section */

/* Begin XCConfigurationList section */
		179579D92C5F5C900042B905 /* Build configuration list for PBXNativeTarget "PokemonAppTests" */ = {
			isa = XCConfigurationList;
			buildConfigurations = (
				179579DA2C5F5C900042B905 /* Debug */,
				179579DB2C5F5C900042B905 /* Release */,
			);
			defaultConfigurationIsVisible = 0;
			defaultConfigurationName = Release;
		};
		17EE7F7D2C5C00E10059F65D /* Build configuration list for PBXProject "PokemonApp" */ = {
			isa = XCConfigurationList;
			buildConfigurations = (
				17EE7F942C5C00E30059F65D /* Debug */,
				17EE7F952C5C00E30059F65D /* Release */,
			);
			defaultConfigurationIsVisible = 0;
			defaultConfigurationName = Release;
		};
		17EE7F962C5C00E30059F65D /* Build configuration list for PBXNativeTarget "PokemonApp" */ = {
			isa = XCConfigurationList;
			buildConfigurations = (
				17EE7F972C5C00E30059F65D /* Debug */,
				17EE7F982C5C00E30059F65D /* Release */,
			);
			defaultConfigurationIsVisible = 0;
			defaultConfigurationName = Release;
		};
/* End XCConfigurationList section */
	};
	rootObject = 17EE7F7A2C5C00E10059F65D /* Project object */;
}
